
Microsoft Visual Studio Solution File, Format Version 12.00
# Visual Studio Version 16
VisualStudioVersion = 16.0.31624.102
MinimumVisualStudioVersion = 10.0.40219.1
Project("{9A19103F-16F7-4668-BE54-9A1E7A4F7556}") = "Vie-Cap.Client", "Vie-Cap.Client.csproj", "{16E90A0A-705C-49F1-A715-64377C9F5B9F}"
EndProject
Project("{9A19103F-16F7-4668-BE54-9A1E7A4F7556}") = "Vie-Cap.Server", "..\Vie-Cap.Server\Vie-Cap.Server.csproj", "{FE2EE29F-7A0C-4D91-B2F3-D1C75ABA784E}"
EndProject
Project("{9A19103F-16F7-4668-BE54-9A1E7A4F7556}") = "Vie-Cap.Shared", "..\Vie-Cap.Shared\Vie-Cap.Shared.csproj", "{685C563C-F625-4603-A50D-461B4C803505}"
EndProject
Global
	GlobalSection(SolutionConfigurationPlatforms) = preSolution
		Debug|Any CPU = Debug|Any CPU
		Release|Any CPU = Release|Any CPU
	EndGlobalSection
	GlobalSection(ProjectConfigurationPlatforms) = postSolution
		{16E90A0A-705C-49F1-A715-64377C9F5B9F}.Debug|Any CPU.ActiveCfg = Debug|Any CPU
		{16E90A0A-705C-49F1-A715-64377C9F5B9F}.Debug|Any CPU.Build.0 = Debug|Any CPU
		{16E90A0A-705C-49F1-A715-64377C9F5B9F}.Release|Any CPU.ActiveCfg = Release|Any CPU
		{16E90A0A-705C-49F1-A715-64377C9F5B9F}.Release|Any CPU.Build.0 = Release|Any CPU
		{FE2EE29F-7A0C-4D91-B2F3-D1C75ABA784E}.Debug|Any CPU.ActiveCfg = Debug|Any CPU
		{FE2EE29F-7A0C-4D91-B2F3-D1C75ABA784E}.Debug|Any CPU.Build.0 = Debug|Any CPU
		{FE2EE29F-7A0C-4D91-B2F3-D1C75ABA784E}.Release|Any CPU.ActiveCfg = Release|Any CPU
		{FE2EE29F-7A0C-4D91-B2F3-D1C75ABA784E}.Release|Any CPU.Build.0 = Release|Any CPU
		{685C563C-F625-4603-A50D-461B4C803505}.Debug|Any CPU.ActiveCfg = Debug|Any CPU
		{685C563C-F625-4603-A50D-461B4C803505}.Debug|Any CPU.Build.0 = Debug|Any CPU
		{685C563C-F625-4603-A50D-461B4C803505}.Release|Any CPU.ActiveCfg = Release|Any CPU
		{685C563C-F625-4603-A50D-461B4C803505}.Release|Any CPU.Build.0 = Release|Any CPU
	EndGlobalSection
	GlobalSection(SolutionProperties) = preSolution
		HideSolutionNode = FALSE
	EndGlobalSection
	GlobalSection(ExtensibilityGlobals) = postSolution
		SolutionGuid = {035D5B8F-A850-4554-9C38-889F8FEB3AEB}
	EndGlobalSection
EndGlobal
